
Microsoft Visual Studio Solution File, Format Version 12.00
# Visual Studio Version 17
VisualStudioVersion = 17.5.33627.172
MinimumVisualStudioVersion = 10.0.40219.1
Project("{FAE04EC0-301F-11D3-BF4B-00C04F79EFBC}") = "EFCoreRelationshipsSQLServer", "EFCoreRelationshipsSQLServer\EFCoreRelationshipsSQLServer.csproj", "{BC98522A-3353-47C0-BF2C-8FDA7399517C}"
EndProject
Global
	GlobalSection(SolutionConfigurationPlatforms) = preSolution
		Debug|Any CPU = Debug|Any CPU
		Release|Any CPU = Release|Any CPU
	EndGlobalSection
	GlobalSection(ProjectConfigurationPlatforms) = postSolution
		{BC98522A-3353-47C0-BF2C-8FDA7399517C}.Debug|Any CPU.ActiveCfg = Debug|Any CPU
		{BC98522A-3353-47C0-BF2C-8FDA7399517C}.Debug|Any CPU.Build.0 = Debug|Any CPU
		{BC98522A-3353-47C0-BF2C-8FDA7399517C}.Release|Any CPU.ActiveCfg = Release|Any CPU
		{BC98522A-3353-47C0-BF2C-8FDA7399517C}.Release|Any CPU.Build.0 = Release|Any CPU
	EndGlobalSection
	GlobalSection(SolutionProperties) = preSolution
		HideSolutionNode = FALSE
	EndGlobalSection
	GlobalSection(ExtensibilityGlobals) = postSolution
		SolutionGuid = {4AA38DA4-E665-4870-A9E5-7A7D3D664155}
	EndGlobalSection
EndGlobal
